# THIS IS AN AUTOGENERATED FILE. DO NOT EDIT THIS FILE DIRECTLY.
# yarn lockfile v1


monet@^0.9.1:
  version "0.9.1"
  resolved "https://registry.yarnpkg.com/monet/-/monet-0.9.1.tgz#89686a22d9dd8a6228fcde5265fcd86aa63981a7"
  integrity sha512-GaZw308g6t0WD+U2mGujwJckGp2b8AGGVuB6PiIwkXbq6rJeiqddre2mdbO4PxjyILPi+7GgtRkkfr6dBYXWtA==
